
Microsoft Visual Studio Solution File, Format Version 12.00
# Visual Studio 15
VisualStudioVersion = 15.0.28010.2041
MinimumVisualStudioVersion = 10.0.40219.1
Project("{FAE04EC0-301F-11D3-BF4B-00C04F79EFBC}") = "LogicCircuitSimulator", "LogicCircuitSimulator\LogicCircuitSimulator.csproj", "{36C9AEA3-84A7-45EA-9309-F7653A039D13}"
EndProject
Global
	GlobalSection(SolutionConfigurationPlatforms) = preSolution
		Debug|Any CPU = Debug|Any CPU
		Release|Any CPU = Release|Any CPU
	EndGlobalSection
	GlobalSection(ProjectConfigurationPlatforms) = postSolution
		{36C9AEA3-84A7-45EA-9309-F7653A039D13}.Debug|Any CPU.ActiveCfg = Debug|Any CPU
		{36C9AEA3-84A7-45EA-9309-F7653A039D13}.Debug|Any CPU.Build.0 = Debug|Any CPU
		{36C9AEA3-84A7-45EA-9309-F7653A039D13}.Release|Any CPU.ActiveCfg = Release|Any CPU
		{36C9AEA3-84A7-45EA-9309-F7653A039D13}.Release|Any CPU.Build.0 = Release|Any CPU
	EndGlobalSection
	GlobalSection(SolutionProperties) = preSolution
		HideSolutionNode = FALSE
	EndGlobalSection
	GlobalSection(ExtensibilityGlobals) = postSolution
		SolutionGuid = {293C0BEA-0859-46A1-947F-D156C06890D8}
	EndGlobalSection
EndGlobal
